#
# This file is autogenerated by pip-compile with Python 3.12
# by the following command:
#
#    pip-compile --no-index --output-file=requirements.lock pyproject.toml
#
alembic==1.20.0
    # via fiatium (pyproject.toml)
annotated-doc==0.0.5
    # via fastapi
annotated-types==0.8.0
    # via pydantic
anyio==4.15.1
    # via starlette
click==8.5.0
    # via uvicorn
confluent-kafka==2.15.1
    # via fiatium (pyproject.toml)
fastapi==0.142.0
    # via fiatium (pyproject.toml)
h11==0.16.0
    # via uvicorn
idna==3.20
    # via anyio
mako==1.4.3
    # via alembic
markupsafe==3.0.3
    # via mako
opentelemetry-api==1.45.0
    # via fastapi
pydantic==2.13.5
    # via
    #   fastapi
    #   pydantic-settings
pydantic-core==2.46.5
    # via pydantic
pydantic-settings==2.15.0
    # via fiatium (pyproject.toml)
pyodbc==5.3.0
    # via fiatium (pyproject.toml)
python-dotenv==1.2.3
    # via pydantic-settings
sqlalchemy==2.1.1
    # via
    #   alembic
    #   fiatium (pyproject.toml)
starlette==1.7.0
    # via fastapi
typing-extensions==4.16.0
    # via
    #   alembic
    #   anyio
    #   fastapi
    #   opentelemetry-api
    #   pydantic
    #   pydantic-core
    #   sqlalchemy
    #   starlette
    #   typing-inspection
typing-inspection==0.4.4
    # via
    #   fastapi
    #   pydantic
    #   pydantic-settings
uvicorn==0.54.0
    # via fiatium (pyproject.toml)
